// !$*UTF8*$!
{
	archiveVersion = 1;
	classes = {
	};
	objectVersion = 50;
	objects = {

/* Begin PBXBuildFile section */
		D03E0B0B22FBD2BD00783E49 /* RNImageViewManager.m in Sources */ = {isa = PBXBuildFile; fileRef = D03E0B0722FBD2BD00783E49 /* RNImageViewManager.m */; };
		D03E0B0C22FBD2BD00783E49 /* RNImageView.h in Headers */ = {isa = PBXBuildFile; fileRef = D03E0B0822FBD2BD00783E49 /* RNImageView.h */; };
		D03E0B0D22FBD2BD00783E49 /* RNImageViewManager.h in Headers */ = {isa = PBXBuildFile; fileRef = D03E0B0922FBD2BD00783E49 /* RNImageViewManager.h */; };
		D03E0B0E22FBD2BD00783E49 /* RNImageView.m in Sources */ = {isa = PBXBuildFile; fileRef = D03E0B0A22FBD2BD00783E49 /* RNImageView.m */; };
/* End PBXBuildFile section */

/* Begin PBXFileReference section */
		D03E0AFB22FBD1FA00783E49 /* libRNImageView.a */ = {isa = PBXFileReference; explicitFileType = archive.ar; includeInIndex = 0; path = libRNImageView.a; sourceTree = BUILT_PRODUCTS_DIR; };
		D03E0B0722FBD2BD00783E49 /* RNImageViewManager.m */ = {isa = PBXFileReference; fileEncoding = 4; lastKnownFileType = sourcecode.c.objc; path = RNImageViewManager.m; sourceTree = "<group>"; };
		D03E0B0822FBD2BD00783E49 /* RNImageView.h */ = {isa = PBXFileReference; fileEncoding = 4; lastKnownFileType = sourcecode.c.h; path = RNImageView.h; sourceTree = "<group>"; };
		D03E0B0922FBD2BD00783E49 /* RNImageViewManager.h */ = {isa = PBXFileReference; fileEncoding = 4; lastKnownFileType = sourcecode.c.h; path = RNImageViewManager.h; sourceTree = "<group>"; };
		D03E0B0A22FBD2BD00783E49 /* RNImageView.m */ = {isa = PBXFileReference; fileEncoding = 4; lastKnownFileType = sourcecode.c.objc; path = RNImageView.m; sourceTree = "<group>"; };
/* End PBXFileReference section */

/* Begin PBXFrameworksBuildPhase section */
		D03E0AF922FBD1FA00783E49 /* Frameworks */ = {
			isa = PBXFrameworksBuildPhase;
			buildActionMask = 2147483647;
			files = (
			);
			runOnlyForDeploymentPostprocessing = 0;
		};
/* End PBXFrameworksBuildPhase section */

/* Begin PBXGroup section */
		D03E0AF222FBD1FA00783E49 = {
			isa = PBXGroup;
			children = (
				D03E0AFD22FBD1FA00783E49 /* RNImageView */,
				D03E0AFC22FBD1FA00783E49 /* Products */,
			);
			sourceTree = "<group>";
		};
		D03E0AFC22FBD1FA00783E49 /* Products */ = {
			isa = PBXGroup;
			children = (
				D03E0AFB22FBD1FA00783E49 /* libRNImageView.a */,
			);
			name = Products;
			sourceTree = "<group>";
		};
		D03E0AFD22FBD1FA00783E49 /* RNImageView */ = {
			isa = PBXGroup;
			children = (
				D03E0B0822FBD2BD00783E49 /* RNImageView.h */,
				D03E0B0A22FBD2BD00783E49 /* RNImageView.m */,
				D03E0B0922FBD2BD00783E49 /* RNImageViewManager.h */,
				D03E0B0722FBD2BD00783E49 /* RNImageViewManager.m */,
			);
			path = RNImageView;
			sourceTree = "<group>";
		};
/* End PBXGroup section */

/* Begin PBXHeadersBuildPhase section */
		D03E0AF722FBD1FA00783E49 /* Headers */ = {
			isa = PBXHeadersBuildPhase;
			buildActionMask = 2147483647;
			files = (
				D03E0B0C22FBD2BD00783E49 /* RNImageView.h in Headers */,
				D03E0B0D22FBD2BD00783E49 /* RNImageViewManager.h in Headers */,
			);
			runOnlyForDeploymentPostprocessing = 0;
		};
/* End PBXHeadersBuildPhase section */

/* Begin PBXNativeTarget section */
		D03E0AFA22FBD1FA00783E49 /* RNImageView */ = {
			isa = PBXNativeTarget;
			buildConfigurationList = D03E0B0422FBD1FA00783E49 /* Build configuration list for PBXNativeTarget "RNImageView" */;
			buildPhases = (
				D03E0AF722FBD1FA00783E49 /* Headers */,
				D03E0AF822FBD1FA00783E49 /* Sources */,
				D03E0AF922FBD1FA00783E49 /* Frameworks */,
			);
			buildRules = (
			);
			dependencies = (
			);
			name = RNImageView;
			productName = RNImageView;
			productReference = D03E0AFB22FBD1FA00783E49 /* libRNImageView.a */;
			productType = "com.apple.product-type.library.static";
		};
/* End PBXNativeTarget section */

/* Begin PBXProject section */
		D03E0AF322FBD1FA00783E49 /* Project object */ = {
			isa = PBXProject;
			attributes = {
				LastUpgradeCheck = 1020;
				ORGANIZATIONNAME = liwei;
				TargetAttributes = {
					D03E0AFA22FBD1FA00783E49 = {
						CreatedOnToolsVersion = 10.2;
					};
				};
			};
			buildConfigurationList = D03E0AF622FBD1FA00783E49 /* Build configuration list for PBXProject "RNImageView" */;
			compatibilityVersion = "Xcode 9.3";
			developmentRegion = en;
			hasScannedForEncodings = 0;
			knownRegions = (
				en,
			);
			mainGroup = D03E0AF222FBD1FA00783E49;
			productRefGroup = D03E0AFC22FBD1FA00783E49 /* Products */;
			projectDirPath = "";
			projectRoot = "";
			targets = (
				D03E0AFA22FBD1FA00783E49 /* RNImageView */,
			);
		};
/* End PBXProject section */

/* Begin PBXSourcesBuildPhase section */
		D03E0AF822FBD1FA00783E49 /* Sources */ = {
			isa = PBXSourcesBuildPhase;
			buildActionMask = 2147483647;
			files = (
				D03E0B0E22FBD2BD00783E49 /* RNImageView.m in Sources */,
				D03E0B0B22FBD2BD00783E49 /* RNImageViewManager.m in Sources */,
			);
			runOnlyForDeploymentPostprocessing = 0;
		};
/* End PBXSourcesBuildPhase section */

/* Begin XCBuildConfiguration section */
		D03E0B0222FBD1FA00783E49 /* Debug */ = {
			isa = XCBuildConfiguration;
			buildSettings = {
				ALWAYS_SEARCH_USER_PATHS = NO;
				CLANG_ANALYZER_NONNULL = YES;
				CLANG_ANALYZER_NUMBER_OBJECT_CONVERSION = YES_AGGRESSIVE;
				CLANG_CXX_LANGUAGE_STANDARD = "gnu++14";
				CLANG_CXX_LIBRARY = "libc++";
				CLANG_ENABLE_MODULES = YES;
				CLANG_ENABLE_OBJC_ARC = YES;
				CLANG_ENABLE_OBJC_WEAK = YES;
				CLANG_WARN_BLOCK_CAPTURE_AUTORELEASING = YES;
				CLANG_WARN_BOOL_CONVERSION = YES;
				CLANG_WARN_COMMA = YES;
				CLANG_WARN_CONSTANT_CONVERSION = YES;
				CLANG_WARN_DEPRECATED_OBJC_IMPLEMENTATIONS = YES;
				CLANG_WARN_DIRECT_OBJC_ISA_USAGE = YES_ERROR;
				CLANG_WARN_DOCUMENTATION_COMMENTS = YES;
				CLANG_WARN_EMPTY_BODY = YES;
				CLANG_WARN_ENUM_CONVERSION = YES;
				CLANG_WARN_INFINITE_RECURSION = YES;
				CLANG_WARN_INT_CONVERSION = YES;
				CLANG_WARN_NON_LITERAL_NULL_CONVERSION = YES;
				CLANG_WARN_OBJC_IMPLICIT_RETAIN_SELF = YES;
				CLANG_WARN_OBJC_LITERAL_CONVERSION = YES;
				CLANG_WARN_OBJC_ROOT_CLASS = YES_ERROR;
				CLANG_WARN_RANGE_LOOP_ANALYSIS = YES;
				CLANG_WARN_STRICT_PROTOTYPES = YES;
				CLANG_WARN_SUSPICIOUS_MOVE = YES;
				CLANG_WARN_UNGUARDED_AVAILABILITY = YES_AGGRESSIVE;
				CLANG_WARN_UNREACHABLE_CODE = YES;
				CLANG_WARN__DUPLICATE_METHOD_MATCH = YES;
				CODE_SIGN_IDENTITY = "-";
				COPY_PHASE_STRIP = NO;
				DEBUG_INFORMATION_FORMAT = dwarf;
				ENABLE_STRICT_OBJC_MSGSEND = YES;
				ENABLE_TESTABILITY = YES;
				GCC_C_LANGUAGE_STANDARD = gnu11;
				GCC_DYNAMIC_NO_PIC = NO;
				GCC_NO_COMMON_BLOCKS = YES;
				GCC_OPTIMIZATION_LEVEL = 0;
				GCC_PREPROCESSOR_DEFINITIONS = (
					"DEBUG=1",
					"$(inherited)",
				);
				GCC_WARN_64_TO_32_BIT_CONVERSION = YES;
				GCC_WARN_ABOUT_RETURN_TYPE = YES_ERROR;
				GCC_WARN_UNDECLARED_SELECTOR = YES;
				GCC_WARN_UNINITIALIZED_AUTOS = YES_AGGRESSIVE;
				GCC_WARN_UNUSED_FUNCTION = YES;
				GCC_WARN_UNUSED_VARIABLE = YES;
				MACOSX_DEPLOYMENT_TARGET = 10.14;
				MTL_ENABLE_DEBUG_INFO = INCLUDE_SOURCE;
				MTL_FAST_MATH = YES;
				ONLY_ACTIVE_ARCH = YES;
				SDKROOT = macosx;
			};
			name = Debug;
		};
		D03E0B0322FBD1FA00783E49 /* Release */ = {
			isa = XCBuildConfiguration;
			buildSettings = {
				ALWAYS_SEARCH_USER_PATHS = NO;
				CLANG_ANALYZER_NONNULL = YES;
				CLANG_ANALYZER_NUMBER_OBJECT_CONVERSION = YES_AGGRESSIVE;
				CLANG_CXX_LANGUAGE_STANDARD = "gnu++14";
				CLANG_CXX_LIBRARY = "libc++";
				CLANG_ENABLE_MODULES = YES;
				CLANG_ENABLE_OBJC_ARC = YES;
				CLANG_ENABLE_OBJC_WEAK = YES;
				CLANG_WARN_BLOCK_CAPTURE_AUTORELEASING = YES;
				CLANG_WARN_BOOL_CONVERSION = YES;
				CLANG_WARN_COMMA = YES;
				CLANG_WARN_CONSTANT_CONVERSION = YES;
				CLANG_WARN_DEPRECATED_OBJC_IMPLEMENTATIONS = YES;
				CLANG_WARN_DIRECT_OBJC_ISA_USAGE = YES_ERROR;
				CLANG_WARN_DOCUMENTATION_COMMENTS = YES;
				CLANG_WARN_EMPTY_BODY = YES;
				CLANG_WARN_ENUM_CONVERSION = YES;
				CLANG_WARN_INFINITE_RECURSION = YES;
				CLANG_WARN_INT_CONVERSION = YES;
				CLANG_WARN_NON_LITERAL_NULL_CONVERSION = YES;
				CLANG_WARN_OBJC_IMPLICIT_RETAIN_SELF = YES;
				CLANG_WARN_OBJC_LITERAL_CONVERSION = YES;
				CLANG_WARN_OBJC_ROOT_CLASS = YES_ERROR;
				CLANG_WARN_RANGE_LOOP_ANALYSIS = YES;
				CLANG_WARN_STRICT_PROTOTYPES = YES;
				CLANG_WARN_SUSPICIOUS_MOVE = YES;
				CLANG_WARN_UNGUARDED_AVAILABILITY = YES_AGGRESSIVE;
				CLANG_WARN_UNREACHABLE_CODE = YES;
				CLANG_WARN__DUPLICATE_METHOD_MATCH = YES;
				CODE_SIGN_IDENTITY = "-";
				COPY_PHASE_STRIP = NO;
				DEBUG_INFORMATION_FORMAT = "dwarf-with-dsym";
				ENABLE_NS_ASSERTIONS = NO;
				ENABLE_STRICT_OBJC_MSGSEND = YES;
				GCC_C_LANGUAGE_STANDARD = gnu11;
				GCC_NO_COMMON_BLOCKS = YES;
				GCC_WARN_64_TO_32_BIT_CONVERSION = YES;
				GCC_WARN_ABOUT_RETURN_TYPE = YES_ERROR;
				GCC_WARN_UNDECLARED_SELECTOR = YES;
				GCC_WARN_UNINITIALIZED_AUTOS = YES_AGGRESSIVE;
				GCC_WARN_UNUSED_FUNCTION = YES;
				GCC_WARN_UNUSED_VARIABLE = YES;
				MACOSX_DEPLOYMENT_TARGET = 10.14;
				MTL_ENABLE_DEBUG_INFO = NO;
				MTL_FAST_MATH = YES;
				SDKROOT = macosx;
			};
			name = Release;
		};
		D03E0B0522FBD1FA00783E49 /* Debug */ = {
			isa = XCBuildConfiguration;
			buildSettings = {
				CODE_SIGN_STYLE = Automatic;
				EXECUTABLE_PREFIX = lib;
				PRODUCT_NAME = "$(TARGET_NAME)";
				SKIP_INSTALL = YES;
			};
			name = Debug;
		};
		D03E0B0622FBD1FA00783E49 /* Release */ = {
			isa = XCBuildConfiguration;
			buildSettings = {
				CODE_SIGN_STYLE = Automatic;
				EXECUTABLE_PREFIX = lib;
				PRODUCT_NAME = "$(TARGET_NAME)";
				SKIP_INSTALL = YES;
			};
			name = Release;
		};
/* End XCBuildConfiguration section */

/* Begin XCConfigurationList section */
		D03E0AF622FBD1FA00783E49 /* Build configuration list for PBXProject "RNImageView" */ = {
			isa = XCConfigurationList;
			buildConfigurations = (
				D03E0B0222FBD1FA00783E49 /* Debug */,
				D03E0B0322FBD1FA00783E49 /* Release */,
			);
			defaultConfigurationIsVisible = 0;
			defaultConfigurationName = Release;
		};
		D03E0B0422FBD1FA00783E49 /* Build configuration list for PBXNativeTarget "RNImageView" */ = {
			isa = XCConfigurationList;
			buildConfigurations = (
				D03E0B0522FBD1FA00783E49 /* Debug */,
				D03E0B0622FBD1FA00783E49 /* Release */,
			);
			defaultConfigurationIsVisible = 0;
			defaultConfigurationName = Release;
		};
/* End XCConfigurationList section */
	};
	rootObject = D03E0AF322FBD1FA00783E49 /* Project object */;
}
